
Microsoft Visual Studio Solution File, Format Version 12.00
# Visual Studio Version 16
VisualStudioVersion = 16.0.31025.194
MinimumVisualStudioVersion = 10.0.40219.1
Project("{8BC9CEB8-8B4A-11D0-8D11-00A0C91BC942}") = "JingleEngine", "JingleEngine\JingleEngine.vcxproj", "{E1D53BB2-CAA1-4A70-A3AD-1F9482573642}"
	ProjectSection(ProjectDependencies) = postProject
		{BBAEB705-1669-40F3-8567-04CF6A991F4C} = {BBAEB705-1669-40F3-8567-04CF6A991F4C}
		{DB6876C3-E14A-4D76-894E-B43BE3039A42} = {DB6876C3-E14A-4D76-894E-B43BE3039A42}
	EndProjectSection
EndProject
Project("{8BC9CEB8-8B4A-11D0-8D11-00A0C91BC942}") = "imgui", "Libraries\imgui\imgui.vcxproj", "{BBAEB705-1669-40F3-8567-04CF6A991F4C}"
EndProject
Project("{8BC9CEB8-8B4A-11D0-8D11-00A0C91BC942}") = "TestProject", "TestProject\TestProject.vcxproj", "{1C9A00C6-47B9-4A15-B0A2-B66D7B6C0978}"
	ProjectSection(ProjectDependencies) = postProject
		{E1D53BB2-CAA1-4A70-A3AD-1F9482573642} = {E1D53BB2-CAA1-4A70-A3AD-1F9482573642}
	EndProjectSection
EndProject
Project("{8BC9CEB8-8B4A-11D0-8D11-00A0C91BC942}") = "JingleScript", "..\JingleScript\JingleScript\JingleScript.vcxproj", "{83F52DF3-6684-4641-9889-E17F4A3CFC19}"
EndProject
Project("{2150E333-8FDC-42A3-9474-1A3956D46DE8}") = "Assets", "Assets", "{06AB0A49-7666-4EB0-83E8-5BED265A773A}"
	ProjectSection(SolutionItems) = preProject
		Assets\bindings.cfg = Assets\bindings.cfg
		Assets\Compiled.jsi = Assets\Compiled.jsi
		Assets\compiled.jst = Assets\compiled.jst
		Assets\modules.txt = Assets\modules.txt
		Assets\Parsed.jst = Assets\Parsed.jst
	EndProjectSection
EndProject
Project("{2150E333-8FDC-42A3-9474-1A3956D46DE8}") = "Shaders", "Shaders", "{2B70992B-6D21-4928-A5FB-0B6529415FA7}"
	ProjectSection(SolutionItems) = preProject
		Assets\Shaders\basic.fs = Assets\Shaders\basic.fs
		Assets\Shaders\basic.vs = Assets\Shaders\basic.vs
		Assets\Shaders\pbr.fs = Assets\Shaders\pbr.fs
		Assets\Shaders\pbr.vs = Assets\Shaders\pbr.vs
		Assets\Shaders\screen.fs = Assets\Shaders\screen.fs
		Assets\Shaders\screen.vs = Assets\Shaders\screen.vs
	EndProjectSection
EndProject
Project("{2150E333-8FDC-42A3-9474-1A3956D46DE8}") = "Scripts", "Scripts", "{F4AD306B-24A2-4976-9972-7523494172FF}"
	ProjectSection(SolutionItems) = preProject
		Assets\Scripts\Application.jss = Assets\Scripts\Application.jss
		Assets\Scripts\Assets.jss = Assets\Scripts\Assets.jss
		Assets\Scripts\Camera.jss = Assets\Scripts\Camera.jss
		Assets\Scripts\Core.jss = Assets\Scripts\Core.jss
		Assets\Scripts\Debug.jss = Assets\Scripts\Debug.jss
		Assets\Scripts\Entity.jss = Assets\Scripts\Entity.jss
		Assets\Scripts\ImGui.jss = Assets\Scripts\ImGui.jss
		Assets\Scripts\main.jss = Assets\Scripts\main.jss
		Assets\Scripts\Modules.jss = Assets\Scripts\Modules.jss
	EndProjectSection
EndProject
Project("{2150E333-8FDC-42A3-9474-1A3956D46DE8}") = "Scenes", "Scenes", "{531C3352-F134-42F7-B8E9-C6EF06A6F204}"
	ProjectSection(SolutionItems) = preProject
		Assets\Scenes\game.scene = Assets\Scenes\game.scene
	EndProjectSection
EndProject
Project("{2150E333-8FDC-42A3-9474-1A3956D46DE8}") = "Models", "Models", "{8A8AC6F5-E13B-4AAA-971D-EE64B2C61770}"
EndProject
Project("{2150E333-8FDC-42A3-9474-1A3956D46DE8}") = "Box", "Box", "{6068248A-1ABE-4B93-BD20-87D19E51CD43}"
	ProjectSection(SolutionItems) = preProject
		Assets\Models\Box\test.ent = Assets\Models\Box\test.ent
		Assets\Models\Box\test.material = Assets\Models\Box\test.material
	EndProjectSection
EndProject
Project("{8BC9CEB8-8B4A-11D0-8D11-00A0C91BC942}") = "JingleProperty", "JingleProperty\JingleProperty.vcxproj", "{DB6876C3-E14A-4D76-894E-B43BE3039A42}"
	ProjectSection(ProjectDependencies) = postProject
		{83F52DF3-6684-4641-9889-E17F4A3CFC19} = {83F52DF3-6684-4641-9889-E17F4A3CFC19}
	EndProjectSection
EndProject
Global
	GlobalSection(SolutionConfigurationPlatforms) = preSolution
		Debug|x64 = Debug|x64
		Debug|x86 = Debug|x86
		Release|x64 = Release|x64
		Release|x86 = Release|x86
	EndGlobalSection
	GlobalSection(ProjectConfigurationPlatforms) = postSolution
		{E1D53BB2-CAA1-4A70-A3AD-1F9482573642}.Debug|x64.ActiveCfg = Debug|x64
		{E1D53BB2-CAA1-4A70-A3AD-1F9482573642}.Debug|x64.Build.0 = Debug|x64
		{E1D53BB2-CAA1-4A70-A3AD-1F9482573642}.Debug|x86.ActiveCfg = Debug|Win32
		{E1D53BB2-CAA1-4A70-A3AD-1F9482573642}.Debug|x86.Build.0 = Debug|Win32
		{E1D53BB2-CAA1-4A70-A3AD-1F9482573642}.Release|x64.ActiveCfg = Release|x64
		{E1D53BB2-CAA1-4A70-A3AD-1F9482573642}.Release|x64.Build.0 = Release|x64
		{E1D53BB2-CAA1-4A70-A3AD-1F9482573642}.Release|x86.ActiveCfg = Release|Win32
		{E1D53BB2-CAA1-4A70-A3AD-1F9482573642}.Release|x86.Build.0 = Release|Win32
		{BBAEB705-1669-40F3-8567-04CF6A991F4C}.Debug|x64.ActiveCfg = Debug|x64
		{BBAEB705-1669-40F3-8567-04CF6A991F4C}.Debug|x64.Build.0 = Debug|x64
		{BBAEB705-1669-40F3-8567-04CF6A991F4C}.Debug|x86.ActiveCfg = Debug|Win32
		{BBAEB705-1669-40F3-8567-04CF6A991F4C}.Debug|x86.Build.0 = Debug|Win32
		{BBAEB705-1669-40F3-8567-04CF6A991F4C}.Release|x64.ActiveCfg = Release|x64
		{BBAEB705-1669-40F3-8567-04CF6A991F4C}.Release|x64.Build.0 = Release|x64
		{BBAEB705-1669-40F3-8567-04CF6A991F4C}.Release|x86.ActiveCfg = Release|Win32
		{BBAEB705-1669-40F3-8567-04CF6A991F4C}.Release|x86.Build.0 = Release|Win32
		{1C9A00C6-47B9-4A15-B0A2-B66D7B6C0978}.Debug|x64.ActiveCfg = Debug|x64
		{1C9A00C6-47B9-4A15-B0A2-B66D7B6C0978}.Debug|x64.Build.0 = Debug|x64
		{1C9A00C6-47B9-4A15-B0A2-B66D7B6C0978}.Debug|x86.ActiveCfg = Debug|Win32
		{1C9A00C6-47B9-4A15-B0A2-B66D7B6C0978}.Debug|x86.Build.0 = Debug|Win32
		{1C9A00C6-47B9-4A15-B0A2-B66D7B6C0978}.Release|x64.ActiveCfg = Release|x64
		{1C9A00C6-47B9-4A15-B0A2-B66D7B6C0978}.Release|x64.Build.0 = Release|x64
		{1C9A00C6-47B9-4A15-B0A2-B66D7B6C0978}.Release|x86.ActiveCfg = Release|Win32
		{1C9A00C6-47B9-4A15-B0A2-B66D7B6C0978}.Release|x86.Build.0 = Release|Win32
		{83F52DF3-6684-4641-9889-E17F4A3CFC19}.Debug|x64.ActiveCfg = Debug|x64
		{83F52DF3-6684-4641-9889-E17F4A3CFC19}.Debug|x64.Build.0 = Debug|x64
		{83F52DF3-6684-4641-9889-E17F4A3CFC19}.Debug|x86.ActiveCfg = Debug|Win32
		{83F52DF3-6684-4641-9889-E17F4A3CFC19}.Debug|x86.Build.0 = Debug|Win32
		{83F52DF3-6684-4641-9889-E17F4A3CFC19}.Release|x64.ActiveCfg = Release|x64
		{83F52DF3-6684-4641-9889-E17F4A3CFC19}.Release|x64.Build.0 = Release|x64
		{83F52DF3-6684-4641-9889-E17F4A3CFC19}.Release|x86.ActiveCfg = Release|Win32
		{83F52DF3-6684-4641-9889-E17F4A3CFC19}.Release|x86.Build.0 = Release|Win32
		{DB6876C3-E14A-4D76-894E-B43BE3039A42}.Debug|x64.ActiveCfg = Debug|x64
		{DB6876C3-E14A-4D76-894E-B43BE3039A42}.Debug|x64.Build.0 = Debug|x64
		{DB6876C3-E14A-4D76-894E-B43BE3039A42}.Debug|x86.ActiveCfg = Debug|Win32
		{DB6876C3-E14A-4D76-894E-B43BE3039A42}.Debug|x86.Build.0 = Debug|Win32
		{DB6876C3-E14A-4D76-894E-B43BE3039A42}.Release|x64.ActiveCfg = Release|x64
		{DB6876C3-E14A-4D76-894E-B43BE3039A42}.Release|x64.Build.0 = Release|x64
		{DB6876C3-E14A-4D76-894E-B43BE3039A42}.Release|x86.ActiveCfg = Release|Win32
		{DB6876C3-E14A-4D76-894E-B43BE3039A42}.Release|x86.Build.0 = Release|Win32
	EndGlobalSection
	GlobalSection(SolutionProperties) = preSolution
		HideSolutionNode = FALSE
	EndGlobalSection
	GlobalSection(NestedProjects) = preSolution
		{2B70992B-6D21-4928-A5FB-0B6529415FA7} = {06AB0A49-7666-4EB0-83E8-5BED265A773A}
		{F4AD306B-24A2-4976-9972-7523494172FF} = {06AB0A49-7666-4EB0-83E8-5BED265A773A}
		{531C3352-F134-42F7-B8E9-C6EF06A6F204} = {06AB0A49-7666-4EB0-83E8-5BED265A773A}
		{8A8AC6F5-E13B-4AAA-971D-EE64B2C61770} = {06AB0A49-7666-4EB0-83E8-5BED265A773A}
		{6068248A-1ABE-4B93-BD20-87D19E51CD43} = {8A8AC6F5-E13B-4AAA-971D-EE64B2C61770}
	EndGlobalSection
	GlobalSection(ExtensibilityGlobals) = postSolution
		SolutionGuid = {3C245516-AB2A-48EF-8548-07F6B94EC409}
	EndGlobalSection
EndGlobal
